
Microsoft Visual Studio Solution File, Format Version 12.00
# Visual Studio 15
Project("{FAE04EC0-301F-11D3-BF4B-00C04F79EFBC}") = "UniHumanoid", "UniHumanoid.csproj", "{DDBA3367-491C-68EC-A3EA-8BD03092F44D}"
EndProject
Project("{FAE04EC0-301F-11D3-BF4B-00C04F79EFBC}") = "SpringBoneJobs", "SpringBoneJobs.csproj", "{FEB778C0-300F-5D47-A07C-1EEC1168AF28}"
EndProject
Project("{FAE04EC0-301F-11D3-BF4B-00C04F79EFBC}") = "UniGLTF.Editor", "UniGLTF.Editor.csproj", "{26F07975-4CCA-DD7F-9538-E834CDA1D329}"
EndProject
Project("{FAE04EC0-301F-11D3-BF4B-00C04F79EFBC}") = "UniGLTF", "UniGLTF.csproj", "{178045BB-E120-BD2A-E09E-1088C755C566}"
EndProject
Project("{FAE04EC0-301F-11D3-BF4B-00C04F79EFBC}") = "VRM", "VRM.csproj", "{370B8DC9-2EB4-C73B-DAC2-BE3501C2AC98}"
EndProject
Project("{FAE04EC0-301F-11D3-BF4B-00C04F79EFBC}") = "UniGLTF.Tests", "UniGLTF.Tests.csproj", "{8A39B1CE-A2D0-EA7B-0655-F086F4EFE507}"
EndProject
Project("{FAE04EC0-301F-11D3-BF4B-00C04F79EFBC}") = "MToon", "MToon.csproj", "{1B259BFF-F14D-6794-F183-D56A8D4A3F40}"
EndProject
Project("{FAE04EC0-301F-11D3-BF4B-00C04F79EFBC}") = "UniVRM.Editor", "UniVRM.Editor.csproj", "{D2B9D263-797F-DF17-F623-ACF54FE4F688}"
EndProject
Project("{FAE04EC0-301F-11D3-BF4B-00C04F79EFBC}") = "VRM.Tests", "VRM.Tests.csproj", "{080F3656-82FF-25A7-97FB-0A5FAE62C292}"
EndProject
Project("{FAE04EC0-301F-11D3-BF4B-00C04F79EFBC}") = "MToon.Editor", "MToon.Editor.csproj", "{E58EC067-0A5C-B525-1A7A-803FDCE1C956}"
EndProject
Project("{FAE04EC0-301F-11D3-BF4B-00C04F79EFBC}") = "UniHumanoid.Editor", "UniHumanoid.Editor.csproj", "{660032AB-415D-E1C6-2D0F-FA9229558828}"
EndProject
Project("{FAE04EC0-301F-11D3-BF4B-00C04F79EFBC}") = "VRM.Samples.Editor.Tests", "VRM.Samples.Editor.Tests.csproj", "{7E92975C-C2E2-A4DE-4D16-4D05B34278E9}"
EndProject
Project("{FAE04EC0-301F-11D3-BF4B-00C04F79EFBC}") = "UniGLTF.UniUnlit", "UniGLTF.UniUnlit.csproj", "{7E2A135D-6BA9-CA44-C5C2-3EBE2DC696CC}"
EndProject
Project("{FAE04EC0-301F-11D3-BF4B-00C04F79EFBC}") = "UniHumanoid.Editor.Tests", "UniHumanoid.Editor.Tests.csproj", "{742D050C-3EE6-6841-F6D1-D0435604E445}"
EndProject
Project("{FAE04EC0-301F-11D3-BF4B-00C04F79EFBC}") = "UniGLTF.UniUnlit.Editor", "UniGLTF.UniUnlit.Editor.csproj", "{8697A6E2-259C-0B12-C498-713E2DEA5899}"
EndProject
Project("{FAE04EC0-301F-11D3-BF4B-00C04F79EFBC}") = "UniGLTF.Utils", "UniGLTF.Utils.csproj", "{AEEACE55-E790-B2FA-1646-2F179093E0BC}"
EndProject
Project("{FAE04EC0-301F-11D3-BF4B-00C04F79EFBC}") = "Assembly-CSharp", "Assembly-CSharp.csproj", "{15047C47-41A4-E319-D4DB-00E39A3E535B}"
EndProject
Global
	GlobalSection(SolutionConfigurationPlatforms) = preSolution
		Debug|Any CPU = Debug|Any CPU
		Release|Any CPU = Release|Any CPU
	EndGlobalSection
	GlobalSection(ProjectConfigurationPlatforms) = postSolution
		{DDBA3367-491C-68EC-A3EA-8BD03092F44D}.Debug|Any CPU.ActiveCfg = Debug|Any CPU
		{DDBA3367-491C-68EC-A3EA-8BD03092F44D}.Debug|Any CPU.Build.0 = Debug|Any CPU
		{DDBA3367-491C-68EC-A3EA-8BD03092F44D}.Release|Any CPU.ActiveCfg = Release|Any CPU
		{DDBA3367-491C-68EC-A3EA-8BD03092F44D}.Release|Any CPU.Build.0 = Release|Any CPU
		{FEB778C0-300F-5D47-A07C-1EEC1168AF28}.Debug|Any CPU.ActiveCfg = Debug|Any CPU
		{FEB778C0-300F-5D47-A07C-1EEC1168AF28}.Debug|Any CPU.Build.0 = Debug|Any CPU
		{FEB778C0-300F-5D47-A07C-1EEC1168AF28}.Release|Any CPU.ActiveCfg = Release|Any CPU
		{FEB778C0-300F-5D47-A07C-1EEC1168AF28}.Release|Any CPU.Build.0 = Release|Any CPU
		{26F07975-4CCA-DD7F-9538-E834CDA1D329}.Debug|Any CPU.ActiveCfg = Debug|Any CPU
		{26F07975-4CCA-DD7F-9538-E834CDA1D329}.Debug|Any CPU.Build.0 = Debug|Any CPU
		{26F07975-4CCA-DD7F-9538-E834CDA1D329}.Release|Any CPU.ActiveCfg = Release|Any CPU
		{26F07975-4CCA-DD7F-9538-E834CDA1D329}.Release|Any CPU.Build.0 = Release|Any CPU
		{178045BB-E120-BD2A-E09E-1088C755C566}.Debug|Any CPU.ActiveCfg = Debug|Any CPU
		{178045BB-E120-BD2A-E09E-1088C755C566}.Debug|Any CPU.Build.0 = Debug|Any CPU
		{178045BB-E120-BD2A-E09E-1088C755C566}.Release|Any CPU.ActiveCfg = Release|Any CPU
		{178045BB-E120-BD2A-E09E-1088C755C566}.Release|Any CPU.Build.0 = Release|Any CPU
		{370B8DC9-2EB4-C73B-DAC2-BE3501C2AC98}.Debug|Any CPU.ActiveCfg = Debug|Any CPU
		{370B8DC9-2EB4-C73B-DAC2-BE3501C2AC98}.Debug|Any CPU.Build.0 = Debug|Any CPU
		{370B8DC9-2EB4-C73B-DAC2-BE3501C2AC98}.Release|Any CPU.ActiveCfg = Release|Any CPU
		{370B8DC9-2EB4-C73B-DAC2-BE3501C2AC98}.Release|Any CPU.Build.0 = Release|Any CPU
		{8A39B1CE-A2D0-EA7B-0655-F086F4EFE507}.Debug|Any CPU.ActiveCfg = Debug|Any CPU
		{8A39B1CE-A2D0-EA7B-0655-F086F4EFE507}.Debug|Any CPU.Build.0 = Debug|Any CPU
		{8A39B1CE-A2D0-EA7B-0655-F086F4EFE507}.Release|Any CPU.ActiveCfg = Release|Any CPU
		{8A39B1CE-A2D0-EA7B-0655-F086F4EFE507}.Release|Any CPU.Build.0 = Release|Any CPU
		{1B259BFF-F14D-6794-F183-D56A8D4A3F40}.Debug|Any CPU.ActiveCfg = Debug|Any CPU
		{1B259BFF-F14D-6794-F183-D56A8D4A3F40}.Debug|Any CPU.Build.0 = Debug|Any CPU
		{1B259BFF-F14D-6794-F183-D56A8D4A3F40}.Release|Any CPU.ActiveCfg = Release|Any CPU
		{1B259BFF-F14D-6794-F183-D56A8D4A3F40}.Release|Any CPU.Build.0 = Release|Any CPU
		{D2B9D263-797F-DF17-F623-ACF54FE4F688}.Debug|Any CPU.ActiveCfg = Debug|Any CPU
		{D2B9D263-797F-DF17-F623-ACF54FE4F688}.Debug|Any CPU.Build.0 = Debug|Any CPU
		{D2B9D263-797F-DF17-F623-ACF54FE4F688}.Release|Any CPU.ActiveCfg = Release|Any CPU
		{D2B9D263-797F-DF17-F623-ACF54FE4F688}.Release|Any CPU.Build.0 = Release|Any CPU
		{080F3656-82FF-25A7-97FB-0A5FAE62C292}.Debug|Any CPU.ActiveCfg = Debug|Any CPU
		{080F3656-82FF-25A7-97FB-0A5FAE62C292}.Debug|Any CPU.Build.0 = Debug|Any CPU
		{080F3656-82FF-25A7-97FB-0A5FAE62C292}.Release|Any CPU.ActiveCfg = Release|Any CPU
		{080F3656-82FF-25A7-97FB-0A5FAE62C292}.Release|Any CPU.Build.0 = Release|Any CPU
		{E58EC067-0A5C-B525-1A7A-803FDCE1C956}.Debug|Any CPU.ActiveCfg = Debug|Any CPU
		{E58EC067-0A5C-B525-1A7A-803FDCE1C956}.Debug|Any CPU.Build.0 = Debug|Any CPU
		{E58EC067-0A5C-B525-1A7A-803FDCE1C956}.Release|Any CPU.ActiveCfg = Release|Any CPU
		{E58EC067-0A5C-B525-1A7A-803FDCE1C956}.Release|Any CPU.Build.0 = Release|Any CPU
		{660032AB-415D-E1C6-2D0F-FA9229558828}.Debug|Any CPU.ActiveCfg = Debug|Any CPU
		{660032AB-415D-E1C6-2D0F-FA9229558828}.Debug|Any CPU.Build.0 = Debug|Any CPU
		{660032AB-415D-E1C6-2D0F-FA9229558828}.Release|Any CPU.ActiveCfg = Release|Any CPU
		{660032AB-415D-E1C6-2D0F-FA9229558828}.Release|Any CPU.Build.0 = Release|Any CPU
		{7E92975C-C2E2-A4DE-4D16-4D05B34278E9}.Debug|Any CPU.ActiveCfg = Debug|Any CPU
		{7E92975C-C2E2-A4DE-4D16-4D05B34278E9}.Debug|Any CPU.Build.0 = Debug|Any CPU
		{7E92975C-C2E2-A4DE-4D16-4D05B34278E9}.Release|Any CPU.ActiveCfg = Release|Any CPU
		{7E92975C-C2E2-A4DE-4D16-4D05B34278E9}.Release|Any CPU.Build.0 = Release|Any CPU
		{7E2A135D-6BA9-CA44-C5C2-3EBE2DC696CC}.Debug|Any CPU.ActiveCfg = Debug|Any CPU
		{7E2A135D-6BA9-CA44-C5C2-3EBE2DC696CC}.Debug|Any CPU.Build.0 = Debug|Any CPU
		{7E2A135D-6BA9-CA44-C5C2-3EBE2DC696CC}.Release|Any CPU.ActiveCfg = Release|Any CPU
		{7E2A135D-6BA9-CA44-C5C2-3EBE2DC696CC}.Release|Any CPU.Build.0 = Release|Any CPU
		{742D050C-3EE6-6841-F6D1-D0435604E445}.Debug|Any CPU.ActiveCfg = Debug|Any CPU
		{742D050C-3EE6-6841-F6D1-D0435604E445}.Debug|Any CPU.Build.0 = Debug|Any CPU
		{742D050C-3EE6-6841-F6D1-D0435604E445}.Release|Any CPU.ActiveCfg = Release|Any CPU
		{742D050C-3EE6-6841-F6D1-D0435604E445}.Release|Any CPU.Build.0 = Release|Any CPU
		{8697A6E2-259C-0B12-C498-713E2DEA5899}.Debug|Any CPU.ActiveCfg = Debug|Any CPU
		{8697A6E2-259C-0B12-C498-713E2DEA5899}.Debug|Any CPU.Build.0 = Debug|Any CPU
		{8697A6E2-259C-0B12-C498-713E2DEA5899}.Release|Any CPU.ActiveCfg = Release|Any CPU
		{8697A6E2-259C-0B12-C498-713E2DEA5899}.Release|Any CPU.Build.0 = Release|Any CPU
		{AEEACE55-E790-B2FA-1646-2F179093E0BC}.Debug|Any CPU.ActiveCfg = Debug|Any CPU
		{AEEACE55-E790-B2FA-1646-2F179093E0BC}.Debug|Any CPU.Build.0 = Debug|Any CPU
		{AEEACE55-E790-B2FA-1646-2F179093E0BC}.Release|Any CPU.ActiveCfg = Release|Any CPU
		{AEEACE55-E790-B2FA-1646-2F179093E0BC}.Release|Any CPU.Build.0 = Release|Any CPU
		{15047C47-41A4-E319-D4DB-00E39A3E535B}.Debug|Any CPU.ActiveCfg = Debug|Any CPU
		{15047C47-41A4-E319-D4DB-00E39A3E535B}.Debug|Any CPU.Build.0 = Debug|Any CPU
		{15047C47-41A4-E319-D4DB-00E39A3E535B}.Release|Any CPU.ActiveCfg = Release|Any CPU
		{15047C47-41A4-E319-D4DB-00E39A3E535B}.Release|Any CPU.Build.0 = Release|Any CPU
	EndGlobalSection
	GlobalSection(SolutionProperties) = preSolution
		HideSolutionNode = FALSE
	EndGlobalSection
EndGlobal
